PODS:
  - LBTAComponents (0.1.9)

DEPENDENCIES:
  - LBTAComponents (~> 0.1.9)

SPEC REPOS:
  https://github.com/cocoapods/specs.git:
    - LBTAComponents

SPEC CHECKSUMS:
  LBTAComponents: 9a5d314080d1f80208062ccc81a2d25225c5f572

PODFILE CHECKSUM: 406691ec652caf2b63aa7789b01463bdc333e872

COCOAPODS: 1.5.2
